
Microsoft Visual Studio Solution File, Format Version 12.00
# Visual Studio Version 17
VisualStudioVersion = 17.14.36212.18
MinimumVisualStudioVersion = 10.0.40219.1
Project("{FAE04EC0-301F-11D3-BF4B-00C04F79EFBC}") = "GameLibrary.Api", "GameLibrary.Api\GameLibrary.Api.csproj", "{31AD0BB3-76C0-4521-9CD7-BF9F8468F788}"
EndProject
Project("{FAE04EC0-301F-11D3-BF4B-00C04F79EFBC}") = "GameLibrary.Tests", "GameLibrary.Tests\GameLibrary.Tests.csproj", "{F32B5219-699D-44FB-93D1-976D4F116C24}"
EndProject
Global
	GlobalSection(SolutionConfigurationPlatforms) = preSolution
		Debug|Any CPU = Debug|Any CPU
		Release|Any CPU = Release|Any CPU
	EndGlobalSection
	GlobalSection(ProjectConfigurationPlatforms) = postSolution
		{31AD0BB3-76C0-4521-9CD7-BF9F8468F788}.Debug|Any CPU.ActiveCfg = Debug|Any CPU
		{31AD0BB3-76C0-4521-9CD7-BF9F8468F788}.Debug|Any CPU.Build.0 = Debug|Any CPU
		{31AD0BB3-76C0-4521-9CD7-BF9F8468F788}.Release|Any CPU.ActiveCfg = Release|Any CPU
		{31AD0BB3-76C0-4521-9CD7-BF9F8468F788}.Release|Any CPU.Build.0 = Release|Any CPU
		{F32B5219-699D-44FB-93D1-976D4F116C24}.Debug|Any CPU.ActiveCfg = Debug|Any CPU
		{F32B5219-699D-44FB-93D1-976D4F116C24}.Debug|Any CPU.Build.0 = Debug|Any CPU
		{F32B5219-699D-44FB-93D1-976D4F116C24}.Release|Any CPU.ActiveCfg = Release|Any CPU
		{F32B5219-699D-44FB-93D1-976D4F116C24}.Release|Any CPU.Build.0 = Release|Any CPU
	EndGlobalSection
	GlobalSection(SolutionProperties) = preSolution
		HideSolutionNode = FALSE
	EndGlobalSection
	GlobalSection(ExtensibilityGlobals) = postSolution
		SolutionGuid = {952C47CA-F061-4B72-AE44-5DC3DDBF87F6}
	EndGlobalSection
EndGlobal
